{
  "lockfileVersion": 1,
  "dependencies": {
    "@sentry/browser": {
      "version": "8.26.0",
      "resolved": "https://registry.npmjs.org/@sentry/browser/-/browser-8.26.0.tgz",
      "integrity": "sha512-e5s6eKlwLZWzTwQcBwqyAGZMMuQROW9Z677VzwkSyREWAIkKjfH2VBxHATnNGc0IVkNHjD7iH3ixo3C0rLKM3w=="
    },
    "@sentry/core": {
      "version": "8.26.0",
      "resolved": "https://registry.npmjs.org/@sentry/core/-/core-8.26.0.tgz",
      "integrity": "sha512-g/tVmTZD4GNbLFf++hKJfBpcCAtduFEMLnbfa9iT/QEZjlmP+EzY+GsH9bafM5VsNe8DiOUp+kJKWtShzlVdBA=="
    },
    "@sentry/integrations": {
      "version": "7.119.0",
      "resolved": "https://registry.npmjs.org/@sentry/integrations/-/integrations-7.119.0.tgz",
      "integrity": "sha512-OHShvtsRW0A+ZL/ZbMnMqDEtJddPasndjq+1aQXw40mN+zeP7At/V1yPZyFaURy86iX7Ucxw5BtmzuNy7hLyTA==",
      "dependencies": {
        "@sentry/core": {
          "version": "7.119.0",
          "resolved": "https://registry.npmjs.org/@sentry/core/-/core-7.119.0.tgz",
          "integrity": "sha512-CS2kUv9rAJJEjiRat6wle3JATHypB0SyD7pt4cpX5y0dN5dZ1JrF57oLHRMnga9fxRivydHz7tMTuBhSSwhzjw=="
        },
        "@sentry/types": {
          "version": "7.119.0",
          "resolved": "https://registry.npmjs.org/@sentry/types/-/types-7.119.0.tgz",
          "integrity": "sha512-27qQbutDBPKGbuJHROxhIWc1i0HJaGLA90tjMu11wt0E4UNxXRX+UQl4Twu68v4EV3CPvQcEpQfgsViYcXmq+w=="
        },
        "@sentry/utils": {
          "version": "7.119.0",
          "resolved": "https://registry.npmjs.org/@sentry/utils/-/utils-7.119.0.tgz",
          "integrity": "sha512-ZwyXexWn2ZIe2bBoYnXJVPc2esCSbKpdc6+0WJa8eutXfHq3FRKg4ohkfCBpfxljQGEfP1+kfin945lA21Ka+A=="
        }
      }
    },
    "@sentry/node": {
      "version": "7.119.0",
      "resolved": "https://registry.npmjs.org/@sentry/node/-/node-7.119.0.tgz",
      "integrity": "sha512-9PFzN8xS6U0oZCflpVxS2SSIsHkCaj7qYBlsvHj4CTGWfao9ImwrU6+smy4qoG6oxwPfoVb5pOOMb4WpWOvXcQ==",
      "dependencies": {
        "@sentry/core": {
          "version": "7.119.0",
          "resolved": "https://registry.npmjs.org/@sentry/core/-/core-7.119.0.tgz",
          "integrity": "sha512-CS2kUv9rAJJEjiRat6wle3JATHypB0SyD7pt4cpX5y0dN5dZ1JrF57oLHRMnga9fxRivydHz7tMTuBhSSwhzjw=="
        },
        "@sentry/types": {
          "version": "7.119.0",
          "resolved": "https://registry.npmjs.org/@sentry/types/-/types-7.119.0.tgz",
          "integrity": "sha512-27qQbutDBPKGbuJHROxhIWc1i0HJaGLA90tjMu11wt0E4UNxXRX+UQl4Twu68v4EV3CPvQcEpQfgsViYcXmq+w=="
        },
        "@sentry/utils": {
          "version": "7.119.0",
          "resolved": "https://registry.npmjs.org/@sentry/utils/-/utils-7.119.0.tgz",
          "integrity": "sha512-ZwyXexWn2ZIe2bBoYnXJVPc2esCSbKpdc6+0WJa8eutXfHq3FRKg4ohkfCBpfxljQGEfP1+kfin945lA21Ka+A=="
        }
      }
    },
    "@sentry/types": {
      "version": "8.26.0",
      "resolved": "https://registry.npmjs.org/@sentry/types/-/types-8.26.0.tgz",
      "integrity": "sha512-zKmh6SWsJh630rpt7a9vP4Cm4m1C2gDTUqUiH565CajCL/4cePpNWYrNwalSqsOSL7B9OrczA1+n6a6XvND+ng=="
    },
    "@sentry/utils": {
      "version": "8.26.0",
      "resolved": "https://registry.npmjs.org/@sentry/utils/-/utils-8.26.0.tgz",
      "integrity": "sha512-xvlPU9Hd2BlyT+FhWHGNwnxWqdVRk2AHnDtVcW4Ma0Ri5EwS+uy4Jeik5UkSv8C5RVb9VlxFmS8LN3I1MPJsLw=="
    },
    "@sentry-internal/browser-utils": {
      "version": "8.26.0",
      "resolved": "https://registry.npmjs.org/@sentry-internal/browser-utils/-/browser-utils-8.26.0.tgz",
      "integrity": "sha512-O2Tj+WK33/ZVp5STnz6ZL0OO+/Idk2KqsH0ITQkQmyZ2z0kdzWOeqK7s7q3/My6rB1GfPcyqPcBBv4dVv92FYQ=="
    },
    "@sentry-internal/feedback": {
      "version": "8.26.0",
      "resolved": "https://registry.npmjs.org/@sentry-internal/feedback/-/feedback-8.26.0.tgz",
      "integrity": "sha512-hQtw1gg8n6ERK1UH47F7ZI1zOsbhu0J2VX+TrnkpaQR2FgxDW1oe9Ja6oCV4CQKuR4w+1ZI/Kj4imSt0K33kEw=="
    },
    "@sentry-internal/replay": {
      "version": "8.26.0",
      "resolved": "https://registry.npmjs.org/@sentry-internal/replay/-/replay-8.26.0.tgz",
      "integrity": "sha512-JDY7W2bswlp5c3483lKP4kcb75fHNwGNfwD8x8FsY9xMjv7nxeXjLpR5cCEk1XqPq2+n6w4j7mJOXhEXGiUIKg=="
    },
    "@sentry-internal/replay-canvas": {
      "version": "8.26.0",
      "resolved": "https://registry.npmjs.org/@sentry-internal/replay-canvas/-/replay-canvas-8.26.0.tgz",
      "integrity": "sha512-2CFQW6f9aJHIo/DqmqYa9PaYoLn1o36ywc0h8oyGrD4oPCbrnE5F++PmTdc71GBODu41HBn/yoCTLmxOD+UjpA=="
    },
    "@sentry-internal/tracing": {
      "version": "7.119.0",
      "resolved": "https://registry.npmjs.org/@sentry-internal/tracing/-/tracing-7.119.0.tgz",
      "integrity": "sha512-oKdFJnn+56f0DHUADlL8o9l8jTib3VDLbWQBVkjD9EprxfaCwt2m8L5ACRBdQ8hmpxCEo4I8/6traZ7qAdBUqA==",
      "dependencies": {
        "@sentry/core": {
          "version": "7.119.0",
          "resolved": "https://registry.npmjs.org/@sentry/core/-/core-7.119.0.tgz",
          "integrity": "sha512-CS2kUv9rAJJEjiRat6wle3JATHypB0SyD7pt4cpX5y0dN5dZ1JrF57oLHRMnga9fxRivydHz7tMTuBhSSwhzjw=="
        },
        "@sentry/types": {
          "version": "7.119.0",
          "resolved": "https://registry.npmjs.org/@sentry/types/-/types-7.119.0.tgz",
          "integrity": "sha512-27qQbutDBPKGbuJHROxhIWc1i0HJaGLA90tjMu11wt0E4UNxXRX+UQl4Twu68v4EV3CPvQcEpQfgsViYcXmq+w=="
        },
        "@sentry/utils": {
          "version": "7.119.0",
          "resolved": "https://registry.npmjs.org/@sentry/utils/-/utils-7.119.0.tgz",
          "integrity": "sha512-ZwyXexWn2ZIe2bBoYnXJVPc2esCSbKpdc6+0WJa8eutXfHq3FRKg4ohkfCBpfxljQGEfP1+kfin945lA21Ka+A=="
        }
      }
    },
    "immediate": {
      "version": "3.0.6",
      "resolved": "https://registry.npmjs.org/immediate/-/immediate-3.0.6.tgz",
      "integrity": "sha512-XXOFtyqDjNDAQxVfYxuF7g9Il/IbWmmlQg2MYKOH8ExIT1qg6xc4zyS3HaEEATgs1btfzxq15ciUiY7gjSXRGQ=="
    },
    "lie": {
      "version": "3.1.1",
      "resolved": "https://registry.npmjs.org/lie/-/lie-3.1.1.tgz",
      "integrity": "sha512-RiNhHysUjhrDQntfYSfY4MU24coXXdEOgw9WGcKHNeEwffDYbF//u87M1EWaMGzuFoSbqW0C9C6lEEhDOAswfw=="
    },
    "localforage": {
      "version": "1.10.0",
      "resolved": "https://registry.npmjs.org/localforage/-/localforage-1.10.0.tgz",
      "integrity": "sha512-14/H1aX7hzBBmmh7sGPd+AOMkkIrHM3Z1PAyGgZigA1H1p5O5ANnMyWzvpAETtG68/dC4pC0ncy3+PPGzXZHPg=="
    }
  }
}
