{
  "lockfileVersion": 1,
  "dependencies": {
    "@opentelemetry/api": {
      "version": "1.9.0",
      "resolved": "https://registry.npmjs.org/@opentelemetry/api/-/api-1.9.0.tgz",
      "integrity": "sha512-3giAOQvZiH5F9bMlMiv8+GSPMeqg0dbaeo58/0SlA9sxSqZhnUtxzX9/2FzyhS9sWQf5S0GJE0AKBrFqjpeYcg=="
    },
    "@opentelemetry/api-logs": {
      "version": "0.52.1",
      "resolved": "https://registry.npmjs.org/@opentelemetry/api-logs/-/api-logs-0.52.1.tgz",
      "integrity": "sha512-qnSqB2DQ9TPP96dl8cDubDvrUyWc0/sK81xHTK8eSUspzDM3bsewX903qclQFvVhgStjRWdC5bLb3kQqMkfV5A=="
    },
    "@opentelemetry/context-async-hooks": {
      "version": "1.25.1",
      "resolved": "https://registry.npmjs.org/@opentelemetry/context-async-hooks/-/context-async-hooks-1.25.1.tgz",
      "integrity": "sha512-UW/ge9zjvAEmRWVapOP0qyCvPulWU6cQxGxDbWEFfGOj1VBBZAuOqTo3X6yWmDTD3Xe15ysCZChHncr2xFMIfQ=="
    },
    "@opentelemetry/core": {
      "version": "1.25.1",
      "resolved": "https://registry.npmjs.org/@opentelemetry/core/-/core-1.25.1.tgz",
      "integrity": "sha512-GeT/l6rBYWVQ4XArluLVB6WWQ8flHbdb6r2FCHC3smtdOAbrJBIv35tpV/yp9bmYUJf+xmZpu9DRTIeJVhFbEQ=="
    },
    "@opentelemetry/instrumentation": {
      "version": "0.52.1",
      "resolved": "https://registry.npmjs.org/@opentelemetry/instrumentation/-/instrumentation-0.52.1.tgz",
      "integrity": "sha512-uXJbYU/5/MBHjMp1FqrILLRuiJCs3Ofk0MeRDk8g1S1gD47U8X3JnSwcMO1rtRo1x1a7zKaQHaoYu49p/4eSKw=="
    },
    "@opentelemetry/instrumentation-connect": {
      "version": "0.38.0",
      "resolved": "https://registry.npmjs.org/@opentelemetry/instrumentation-connect/-/instrumentation-connect-0.38.0.tgz",
      "integrity": "sha512-2/nRnx3pjYEmdPIaBwtgtSviTKHWnDZN3R+TkRUnhIVrvBKVcq+I5B2rtd6mr6Fe9cHlZ9Ojcuh7pkNh/xdWWg=="
    },
    "@opentelemetry/instrumentation-express": {
      "version": "0.41.1",
      "resolved": "https://registry.npmjs.org/@opentelemetry/instrumentation-express/-/instrumentation-express-0.41.1.tgz",
      "integrity": "sha512-uRx0V3LPGzjn2bxAnV8eUsDT82vT7NTwI0ezEuPMBOTOsnPpGhWdhcdNdhH80sM4TrWrOfXm9HGEdfWE3TRIww=="
    },
    "@opentelemetry/instrumentation-fastify": {
      "version": "0.38.0",
      "resolved": "https://registry.npmjs.org/@opentelemetry/instrumentation-fastify/-/instrumentation-fastify-0.38.0.tgz",
      "integrity": "sha512-HBVLpTSYpkQZ87/Df3N0gAw7VzYZV3n28THIBrJWfuqw3Or7UqdhnjeuMIPQ04BKk3aZc0cWn2naSQObbh5vXw=="
    },
    "@opentelemetry/instrumentation-fs": {
      "version": "0.14.0",
      "resolved": "https://registry.npmjs.org/@opentelemetry/instrumentation-fs/-/instrumentation-fs-0.14.0.tgz",
      "integrity": "sha512-pVc8P5AgliC1DphyyBUgsxXlm2XaPH4BpYvt7rAZDMIqUpRk8gs19SioABtKqqxvFzg5jPtgJfJsdxq0Y+maLw=="
    },
    "@opentelemetry/instrumentation-graphql": {
      "version": "0.42.0",
      "resolved": "https://registry.npmjs.org/@opentelemetry/instrumentation-graphql/-/instrumentation-graphql-0.42.0.tgz",
      "integrity": "sha512-N8SOwoKL9KQSX7z3gOaw5UaTeVQcfDO1c21csVHnmnmGUoqsXbArK2B8VuwPWcv6/BC/i3io+xTo7QGRZ/z28Q=="
    },
    "@opentelemetry/instrumentation-hapi": {
      "version": "0.40.0",
      "resolved": "https://registry.npmjs.org/@opentelemetry/instrumentation-hapi/-/instrumentation-hapi-0.40.0.tgz",
      "integrity": "sha512-8U/w7Ifumtd2bSN1OLaSwAAFhb9FyqWUki3lMMB0ds+1+HdSxYBe9aspEJEgvxAqOkrQnVniAPTEGf1pGM7SOw=="
    },
    "@opentelemetry/instrumentation-http": {
      "version": "0.52.1",
      "resolved": "https://registry.npmjs.org/@opentelemetry/instrumentation-http/-/instrumentation-http-0.52.1.tgz",
      "integrity": "sha512-dG/aevWhaP+7OLv4BQQSEKMJv8GyeOp3Wxl31NHqE8xo9/fYMfEljiZphUHIfyg4gnZ9swMyWjfOQs5GUQe54Q=="
    },
    "@opentelemetry/instrumentation-ioredis": {
      "version": "0.42.0",
      "resolved": "https://registry.npmjs.org/@opentelemetry/instrumentation-ioredis/-/instrumentation-ioredis-0.42.0.tgz",
      "integrity": "sha512-P11H168EKvBB9TUSasNDOGJCSkpT44XgoM6d3gRIWAa9ghLpYhl0uRkS8//MqPzcJVHr3h3RmfXIpiYLjyIZTw=="
    },
    "@opentelemetry/instrumentation-koa": {
      "version": "0.42.0",
      "resolved": "https://registry.npmjs.org/@opentelemetry/instrumentation-koa/-/instrumentation-koa-0.42.0.tgz",
      "integrity": "sha512-H1BEmnMhho8o8HuNRq5zEI4+SIHDIglNB7BPKohZyWG4fWNuR7yM4GTlR01Syq21vODAS7z5omblScJD/eZdKw=="
    },
    "@opentelemetry/instrumentation-mongodb": {
      "version": "0.46.0",
      "resolved": "https://registry.npmjs.org/@opentelemetry/instrumentation-mongodb/-/instrumentation-mongodb-0.46.0.tgz",
      "integrity": "sha512-VF/MicZ5UOBiXrqBslzwxhN7TVqzu1/LN/QDpkskqM0Zm0aZ4CVRbUygL8d7lrjLn15x5kGIe8VsSphMfPJzlA=="
    },
    "@opentelemetry/instrumentation-mongoose": {
      "version": "0.40.0",
      "resolved": "https://registry.npmjs.org/@opentelemetry/instrumentation-mongoose/-/instrumentation-mongoose-0.40.0.tgz",
      "integrity": "sha512-niRi5ZUnkgzRhIGMOozTyoZIvJKNJyhijQI4nF4iFSb+FUx2v5fngfR+8XLmdQAO7xmsD8E5vEGdDVYVtKbZew=="
    },
    "@opentelemetry/instrumentation-mysql": {
      "version": "0.40.0",
      "resolved": "https://registry.npmjs.org/@opentelemetry/instrumentation-mysql/-/instrumentation-mysql-0.40.0.tgz",
      "integrity": "sha512-d7ja8yizsOCNMYIJt5PH/fKZXjb/mS48zLROO4BzZTtDfhNCl2UM/9VIomP2qkGIFVouSJrGr/T00EzY7bPtKA=="
    },
    "@opentelemetry/instrumentation-mysql2": {
      "version": "0.40.0",
      "resolved": "https://registry.npmjs.org/@opentelemetry/instrumentation-mysql2/-/instrumentation-mysql2-0.40.0.tgz",
      "integrity": "sha512-0xfS1xcqUmY7WE1uWjlmI67Xg3QsSUlNT+AcXHeA4BDUPwZtWqF4ezIwLgpVZfHOnkAEheqGfNSWd1PIu3Wnfg=="
    },
    "@opentelemetry/instrumentation-nestjs-core": {
      "version": "0.39.0",
      "resolved": "https://registry.npmjs.org/@opentelemetry/instrumentation-nestjs-core/-/instrumentation-nestjs-core-0.39.0.tgz",
      "integrity": "sha512-mewVhEXdikyvIZoMIUry8eb8l3HUjuQjSjVbmLVTt4NQi35tkpnHQrG9bTRBrl3403LoWZ2njMPJyg4l6HfKvA=="
    },
    "@opentelemetry/instrumentation-pg": {
      "version": "0.43.0",
      "resolved": "https://registry.npmjs.org/@opentelemetry/instrumentation-pg/-/instrumentation-pg-0.43.0.tgz",
      "integrity": "sha512-og23KLyoxdnAeFs1UWqzSonuCkePUzCX30keSYigIzJe/6WSYA8rnEI5lobcxPEzg+GcU06J7jzokuEHbjVJNw=="
    },
    "@opentelemetry/instrumentation-redis-4": {
      "version": "0.41.0",
      "resolved": "https://registry.npmjs.org/@opentelemetry/instrumentation-redis-4/-/instrumentation-redis-4-0.41.0.tgz",
      "integrity": "sha512-H7IfGTqW2reLXqput4yzAe8YpDC0fmVNal95GHMLOrS89W+qWUKIqxolSh63hJyfmwPSFwXASzj7wpSk8Az+Dg=="
    },
    "@opentelemetry/redis-common": {
      "version": "0.36.2",
      "resolved": "https://registry.npmjs.org/@opentelemetry/redis-common/-/redis-common-0.36.2.tgz",
      "integrity": "sha512-faYX1N0gpLhej/6nyp6bgRjzAKXn5GOEMYY7YhciSfCoITAktLUtQ36d24QEWNA1/WA1y6qQunCe0OhHRkVl9g=="
    },
    "@opentelemetry/resources": {
      "version": "1.25.1",
      "resolved": "https://registry.npmjs.org/@opentelemetry/resources/-/resources-1.25.1.tgz",
      "integrity": "sha512-pkZT+iFYIZsVn6+GzM0kSX+u3MSLCY9md+lIJOoKl/P+gJFfxJte/60Usdp8Ce4rOs8GduUpSPNe1ddGyDT1sQ=="
    },
    "@opentelemetry/sdk-metrics": {
      "version": "1.25.1",
      "resolved": "https://registry.npmjs.org/@opentelemetry/sdk-metrics/-/sdk-metrics-1.25.1.tgz",
      "integrity": "sha512-9Mb7q5ioFL4E4dDrc4wC/A3NTHDat44v4I3p2pLPSxRvqUbDIQyMVr9uK+EU69+HWhlET1VaSrRzwdckWqY15Q=="
    },
    "@opentelemetry/sdk-trace-base": {
      "version": "1.25.1",
      "resolved": "https://registry.npmjs.org/@opentelemetry/sdk-trace-base/-/sdk-trace-base-1.25.1.tgz",
      "integrity": "sha512-C8k4hnEbc5FamuZQ92nTOp8X/diCY56XUTnMiv9UTuJitCzaNNHAVsdm5+HLCdI8SLQsLWIrG38tddMxLVoftw=="
    },
    "@opentelemetry/semantic-conventions": {
      "version": "1.25.1",
      "resolved": "https://registry.npmjs.org/@opentelemetry/semantic-conventions/-/semantic-conventions-1.25.1.tgz",
      "integrity": "sha512-ZDjMJJQRlyk8A1KZFCc+bCbsyrn1wTwdNt56F7twdfUfnHUZUq77/WfONCj8p72NZOyP7pNTdUWSTYC3GTbuuQ=="
    },
    "@opentelemetry/sql-common": {
      "version": "0.40.1",
      "resolved": "https://registry.npmjs.org/@opentelemetry/sql-common/-/sql-common-0.40.1.tgz",
      "integrity": "sha512-nSDlnHSqzC3pXn/wZEZVLuAuJ1MYMXPBwtv2qAbCa3847SaHItdE7SzUq/Jtb0KZmh1zfAbNi3AAMjztTT4Ugg=="
    },
    "@prisma/instrumentation": {
      "version": "5.17.0",
      "resolved": "https://registry.npmjs.org/@prisma/instrumentation/-/instrumentation-5.17.0.tgz",
      "integrity": "sha512-c1Sle4ji8aasMcYfBBHFM56We4ljfenVtRmS8aY06BllS7SoU6SmJBwG7vil+GHiR0Yrh+t9iBwt4AY0Jr4KNQ=="
    },
    "@sentry/browser": {
      "version": "8.26.0",
      "resolved": "https://registry.npmjs.org/@sentry/browser/-/browser-8.26.0.tgz",
      "integrity": "sha512-e5s6eKlwLZWzTwQcBwqyAGZMMuQROW9Z677VzwkSyREWAIkKjfH2VBxHATnNGc0IVkNHjD7iH3ixo3C0rLKM3w=="
    },
    "@sentry/core": {
      "version": "8.26.0",
      "resolved": "https://registry.npmjs.org/@sentry/core/-/core-8.26.0.tgz",
      "integrity": "sha512-g/tVmTZD4GNbLFf++hKJfBpcCAtduFEMLnbfa9iT/QEZjlmP+EzY+GsH9bafM5VsNe8DiOUp+kJKWtShzlVdBA=="
    },
    "@sentry/node": {
      "version": "8.26.0",
      "resolved": "https://registry.npmjs.org/@sentry/node/-/node-8.26.0.tgz",
      "integrity": "sha512-N9mNLzicnfGgsq6P10ckPdTzEFusjTC7gpqPopwq5eEMF7g798hH8CcE5o6FZ4iAAR3vWliAR/jgccdoMmJMpQ=="
    },
    "@sentry/opentelemetry": {
      "version": "8.26.0",
      "resolved": "https://registry.npmjs.org/@sentry/opentelemetry/-/opentelemetry-8.26.0.tgz",
      "integrity": "sha512-HBDheM/+ysfIz8R1OH4bBIxdgD7ZbQkKLJAUXkdAbBcfbpK/CTtwcplbauF5wY7Q+GYvwL/ShuDwvXRfW+gFyQ=="
    },
    "@sentry/types": {
      "version": "8.26.0",
      "resolved": "https://registry.npmjs.org/@sentry/types/-/types-8.26.0.tgz",
      "integrity": "sha512-zKmh6SWsJh630rpt7a9vP4Cm4m1C2gDTUqUiH565CajCL/4cePpNWYrNwalSqsOSL7B9OrczA1+n6a6XvND+ng=="
    },
    "@sentry/utils": {
      "version": "8.26.0",
      "resolved": "https://registry.npmjs.org/@sentry/utils/-/utils-8.26.0.tgz",
      "integrity": "sha512-xvlPU9Hd2BlyT+FhWHGNwnxWqdVRk2AHnDtVcW4Ma0Ri5EwS+uy4Jeik5UkSv8C5RVb9VlxFmS8LN3I1MPJsLw=="
    },
    "@sentry-internal/browser-utils": {
      "version": "8.26.0",
      "resolved": "https://registry.npmjs.org/@sentry-internal/browser-utils/-/browser-utils-8.26.0.tgz",
      "integrity": "sha512-O2Tj+WK33/ZVp5STnz6ZL0OO+/Idk2KqsH0ITQkQmyZ2z0kdzWOeqK7s7q3/My6rB1GfPcyqPcBBv4dVv92FYQ=="
    },
    "@sentry-internal/feedback": {
      "version": "8.26.0",
      "resolved": "https://registry.npmjs.org/@sentry-internal/feedback/-/feedback-8.26.0.tgz",
      "integrity": "sha512-hQtw1gg8n6ERK1UH47F7ZI1zOsbhu0J2VX+TrnkpaQR2FgxDW1oe9Ja6oCV4CQKuR4w+1ZI/Kj4imSt0K33kEw=="
    },
    "@sentry-internal/replay": {
      "version": "8.26.0",
      "resolved": "https://registry.npmjs.org/@sentry-internal/replay/-/replay-8.26.0.tgz",
      "integrity": "sha512-JDY7W2bswlp5c3483lKP4kcb75fHNwGNfwD8x8FsY9xMjv7nxeXjLpR5cCEk1XqPq2+n6w4j7mJOXhEXGiUIKg=="
    },
    "@sentry-internal/replay-canvas": {
      "version": "8.26.0",
      "resolved": "https://registry.npmjs.org/@sentry-internal/replay-canvas/-/replay-canvas-8.26.0.tgz",
      "integrity": "sha512-2CFQW6f9aJHIo/DqmqYa9PaYoLn1o36ywc0h8oyGrD4oPCbrnE5F++PmTdc71GBODu41HBn/yoCTLmxOD+UjpA=="
    },
    "@types/connect": {
      "version": "3.4.36",
      "resolved": "https://registry.npmjs.org/@types/connect/-/connect-3.4.36.tgz",
      "integrity": "sha512-P63Zd/JUGq+PdrM1lv0Wv5SBYeA2+CORvbrXbngriYY0jzLUWfQMQQxOhjONEz/wlHOAxOdY7CY65rgQdTjq2w=="
    },
    "@types/mysql": {
      "version": "2.15.22",
      "resolved": "https://registry.npmjs.org/@types/mysql/-/mysql-2.15.22.tgz",
      "integrity": "sha512-wK1pzsJVVAjYCSZWQoWHziQZbNggXFDUEIGf54g4ZM/ERuP86uGdWeKZWMYlqTPMZfHJJvLPyogXGvCOg87yLQ=="
    },
    "@types/node": {
      "version": "22.3.0",
      "resolved": "https://registry.npmjs.org/@types/node/-/node-22.3.0.tgz",
      "integrity": "sha512-nrWpWVaDZuaVc5X84xJ0vNrLvomM205oQyLsRt7OHNZbSHslcWsvgFR7O7hire2ZonjLrWBbedmotmIlJDVd6g=="
    },
    "@types/pg": {
      "version": "8.6.1",
      "resolved": "https://registry.npmjs.org/@types/pg/-/pg-8.6.1.tgz",
      "integrity": "sha512-1Kc4oAGzAl7uqUStZCDvaLFqZrW9qWSjXOmBfdgyBP5La7Us6Mg4GBvRlSoaZMhQF/zSj1C8CtKMBkoiT8eL8w=="
    },
    "@types/pg-pool": {
      "version": "2.0.4",
      "resolved": "https://registry.npmjs.org/@types/pg-pool/-/pg-pool-2.0.4.tgz",
      "integrity": "sha512-qZAvkv1K3QbmHHFYSNRYPkRjOWRLBYrL4B9c+wG0GSVGBw0NtJwPcgx/DSddeDJvRGMHCEQ4VMEVfuJ/0gZ3XQ=="
    },
    "@types/shimmer": {
      "version": "1.2.0",
      "resolved": "https://registry.npmjs.org/@types/shimmer/-/shimmer-1.2.0.tgz",
      "integrity": "sha512-UE7oxhQLLd9gub6JKIAhDq06T0F6FnztwMNRvYgjeQSBeMc1ZG/tA47EwfduvkuQS8apbkM/lpLpWsaCeYsXVg=="
    },
    "acorn": {
      "version": "8.12.1",
      "resolved": "https://registry.npmjs.org/acorn/-/acorn-8.12.1.tgz",
      "integrity": "sha512-tcpGyI9zbizT9JbV6oYE477V6mTlXvvi0T0G3SNIYE2apm/G5huBa1+K89VGeovbg+jycCrfhl3ADxErOuO6Jg=="
    },
    "acorn-import-assertions": {
      "version": "1.9.0",
      "resolved": "https://registry.npmjs.org/acorn-import-assertions/-/acorn-import-assertions-1.9.0.tgz",
      "integrity": "sha512-cmMwop9x+8KFhxvKrKfPYmN6/pKTYYHBqLa0DfvVZcKMJWNyWLnaqND7dx/qn66R7ewM1UX5XMaDVP5wlVTaVA=="
    },
    "acorn-import-attributes": {
      "version": "1.9.5",
      "resolved": "https://registry.npmjs.org/acorn-import-attributes/-/acorn-import-attributes-1.9.5.tgz",
      "integrity": "sha512-n02Vykv5uA3eHGM/Z2dQrcD56kL8TyDb2p1+0P83PClMnC/nc+anbQRhIOWnSq4Ke/KvDPrY3C9hDtC/A3eHnQ=="
    },
    "cjs-module-lexer": {
      "version": "1.3.1",
      "resolved": "https://registry.npmjs.org/cjs-module-lexer/-/cjs-module-lexer-1.3.1.tgz",
      "integrity": "sha512-a3KdPAANPbNE4ZUv9h6LckSl9zLsYOP4MBmhIPkRaeyybt+r4UghLvq+xw/YwUcC1gqylCkL4rdVs3Lwupjm4Q=="
    },
    "debug": {
      "version": "4.3.6",
      "resolved": "https://registry.npmjs.org/debug/-/debug-4.3.6.tgz",
      "integrity": "sha512-O/09Bd4Z1fBrU4VzkhFqVgpPzaGbw6Sm9FEkBT1A/YBXQFGuuSxa1dN2nxgxS34JmKXqYx8CZAwEVoJFImUXIg=="
    },
    "function-bind": {
      "version": "1.1.2",
      "resolved": "https://registry.npmjs.org/function-bind/-/function-bind-1.1.2.tgz",
      "integrity": "sha512-7XHNxH7qX9xG5mIwxkhumTox/MIRNcOgDrxWsMt2pAr23WHp6MrRlN7FBSFpCpr+oVO0F744iUgR82nJMfG2SA=="
    },
    "hasown": {
      "version": "2.0.2",
      "resolved": "https://registry.npmjs.org/hasown/-/hasown-2.0.2.tgz",
      "integrity": "sha512-0hJU9SCPvmMzIBdZFqNPXWa6dqh7WdH0cII9y+CyS8rG3nL48Bclra9HmKhVVUHyPWNH5Y7xDwAB7bfgSjkUMQ=="
    },
    "import-in-the-middle": {
      "version": "1.11.0",
      "resolved": "https://registry.npmjs.org/import-in-the-middle/-/import-in-the-middle-1.11.0.tgz",
      "integrity": "sha512-5DimNQGoe0pLUHbR9qK84iWaWjjbsxiqXnw6Qz64+azRgleqv9k2kTt5fw7QsOpmaGYtuxxursnPPsnTKEx10Q=="
    },
    "is-core-module": {
      "version": "2.15.0",
      "resolved": "https://registry.npmjs.org/is-core-module/-/is-core-module-2.15.0.tgz",
      "integrity": "sha512-Dd+Lb2/zvk9SKy1TGCt1wFJFo/MWBPMX5x7KcvLajWTGuomczdQX61PvY5yK6SVACwpoexWo81IfFyoKY2QnTA=="
    },
    "lodash.merge": {
      "version": "4.6.2",
      "resolved": "https://registry.npmjs.org/lodash.merge/-/lodash.merge-4.6.2.tgz",
      "integrity": "sha512-0KpjqXRVvrYyCsX1swR/XTK0va6VQkQM6MNo7PqW77ByjAhoARA8EfrP1N4+KlKj8YS0ZUCtRT/YUuhyYDujIQ=="
    },
    "module-details-from-path": {
      "version": "1.0.3",
      "resolved": "https://registry.npmjs.org/module-details-from-path/-/module-details-from-path-1.0.3.tgz",
      "integrity": "sha512-ySViT69/76t8VhE1xXHK6Ch4NcDd26gx0MzKXLO+F7NOtnqH68d9zF94nT8ZWSxXh8ELOERsnJO/sWt1xZYw5A=="
    },
    "ms": {
      "version": "2.1.2",
      "resolved": "https://registry.npmjs.org/ms/-/ms-2.1.2.tgz",
      "integrity": "sha512-sGkPx+VjMtmA6MX27oA4FBFELFCZZ4S4XqeGOXCv68tT+jb3vk/RyaKWP0PTKyWtmLSM0b+adUTEvbs1PEaH2w=="
    },
    "opentelemetry-instrumentation-fetch-node": {
      "version": "1.2.3",
      "resolved": "https://registry.npmjs.org/opentelemetry-instrumentation-fetch-node/-/opentelemetry-instrumentation-fetch-node-1.2.3.tgz",
      "integrity": "sha512-Qb11T7KvoCevMaSeuamcLsAD+pZnavkhDnlVL0kRozfhl42dKG5Q3anUklAFKJZjY3twLR+BnRa6DlwwkIE/+A==",
      "dependencies": {
        "@opentelemetry/instrumentation": {
          "version": "0.46.0",
          "resolved": "https://registry.npmjs.org/@opentelemetry/instrumentation/-/instrumentation-0.46.0.tgz",
          "integrity": "sha512-a9TijXZZbk0vI5TGLZl+0kxyFfrXHhX6Svtz7Pp2/VBlCSKrazuULEyoJQrOknJyFWNMEmbbJgOciHCCpQcisw=="
        },
        "import-in-the-middle": {
          "version": "1.7.1",
          "resolved": "https://registry.npmjs.org/import-in-the-middle/-/import-in-the-middle-1.7.1.tgz",
          "integrity": "sha512-1LrZPDtW+atAxH42S6288qyDFNQ2YCty+2mxEPRtfazH6Z5QwkaBSTS2ods7hnVJioF6rkRfNoA6A/MstpFXLg=="
        }
      }
    },
    "path-parse": {
      "version": "1.0.7",
      "resolved": "https://registry.npmjs.org/path-parse/-/path-parse-1.0.7.tgz",
      "integrity": "sha512-LDJzPVEEEPR+y48z93A0Ed0yXb8pAByGWo/k5YYdYgpY2/2EsOsksJrq7lOHxryrVOn1ejG6oAp8ahvOIQD8sw=="
    },
    "pg-int8": {
      "version": "1.0.1",
      "resolved": "https://registry.npmjs.org/pg-int8/-/pg-int8-1.0.1.tgz",
      "integrity": "sha512-WCtabS6t3c8SkpDBUlb1kjOs7l66xsGdKpIPZsg4wR+B3+u9UAum2odSsF9tnvxg80h4ZxLWMy4pRjOsFIqQpw=="
    },
    "pg-protocol": {
      "version": "1.6.1",
      "resolved": "https://registry.npmjs.org/pg-protocol/-/pg-protocol-1.6.1.tgz",
      "integrity": "sha512-jPIlvgoD63hrEuihvIg+tJhoGjUsLPn6poJY9N5CnlPd91c2T18T/9zBtLxZSb1EhYxBRoZJtzScCaWlYLtktg=="
    },
    "pg-types": {
      "version": "2.2.0",
      "resolved": "https://registry.npmjs.org/pg-types/-/pg-types-2.2.0.tgz",
      "integrity": "sha512-qTAAlrEsl8s4OiEQY69wDvcMIdQN6wdz5ojQiOy6YRMuynxenON0O5oCpJI6lshc6scgAY8qvJ2On/p+CXY0GA=="
    },
    "postgres-array": {
      "version": "2.0.0",
      "resolved": "https://registry.npmjs.org/postgres-array/-/postgres-array-2.0.0.tgz",
      "integrity": "sha512-VpZrUqU5A69eQyW2c5CA1jtLecCsN2U/bD6VilrFDWq5+5UIEVO7nazS3TEcHf1zuPYO/sqGvUvW62g86RXZuA=="
    },
    "postgres-bytea": {
      "version": "1.0.0",
      "resolved": "https://registry.npmjs.org/postgres-bytea/-/postgres-bytea-1.0.0.tgz",
      "integrity": "sha512-xy3pmLuQqRBZBXDULy7KbaitYqLcmxigw14Q5sj8QBVLqEwXfeybIKVWiqAXTlcvdvb0+xkOtDbfQMOf4lST1w=="
    },
    "postgres-date": {
      "version": "1.0.7",
      "resolved": "https://registry.npmjs.org/postgres-date/-/postgres-date-1.0.7.tgz",
      "integrity": "sha512-suDmjLVQg78nMK2UZ454hAG+OAW+HQPZ6n++TNDUX+L0+uUlLywnoxJKDou51Zm+zTCjrCl0Nq6J9C5hP9vK/Q=="
    },
    "postgres-interval": {
      "version": "1.2.0",
      "resolved": "https://registry.npmjs.org/postgres-interval/-/postgres-interval-1.2.0.tgz",
      "integrity": "sha512-9ZhXKM/rw350N1ovuWHbGxnGh/SNJ4cnxHiM0rxE4VN41wsg8P8zWn9hv/buK00RP4WvlOyr/RBDiptyxVbkZQ=="
    },
    "require-in-the-middle": {
      "version": "7.4.0",
      "resolved": "https://registry.npmjs.org/require-in-the-middle/-/require-in-the-middle-7.4.0.tgz",
      "integrity": "sha512-X34iHADNbNDfr6OTStIAHWSAvvKQRYgLO6duASaVf7J2VA3lvmNYboAHOuLC2huav1IwgZJtyEcJCKVzFxOSMQ=="
    },
    "resolve": {
      "version": "1.22.8",
      "resolved": "https://registry.npmjs.org/resolve/-/resolve-1.22.8.tgz",
      "integrity": "sha512-oKWePCxqpd6FlLvGV1VU0x7bkPmmCNolxzjMf4NczoDnQcIWrAF+cPtZn5i6n+RfD2d9i0tzpKnG6Yk168yIyw=="
    },
    "semver": {
      "version": "7.6.3",
      "resolved": "https://registry.npmjs.org/semver/-/semver-7.6.3.tgz",
      "integrity": "sha512-oVekP1cKtI+CTDvHWYFUcMtsK/00wmAEfyqKfNdARm8u1wNVhSgaX7A8d4UuIlUI5e84iEwOhs7ZPYRmzU9U6A=="
    },
    "shimmer": {
      "version": "1.2.1",
      "resolved": "https://registry.npmjs.org/shimmer/-/shimmer-1.2.1.tgz",
      "integrity": "sha512-sQTKC1Re/rM6XyFM6fIAGHRPVGvyXfgzIDvzoq608vM+jeyVD0Tu1E6Np0Kc2zAIFWIj963V2800iF/9LPieQw=="
    },
    "supports-preserve-symlinks-flag": {
      "version": "1.0.0",
      "resolved": "https://registry.npmjs.org/supports-preserve-symlinks-flag/-/supports-preserve-symlinks-flag-1.0.0.tgz",
      "integrity": "sha512-ot0WnXS9fgdkgIcePe6RHNk1WA8+muPa6cSjeR3V8K27q9BB1rTE3R1p7Hv0z1ZyAc8s6Vvv8DIyWf681MAt0w=="
    },
    "undici-types": {
      "version": "6.18.2",
      "resolved": "https://registry.npmjs.org/undici-types/-/undici-types-6.18.2.tgz",
      "integrity": "sha512-5ruQbENj95yDYJNS3TvcaxPMshV7aizdv/hWYjGIKoANWKjhWNBsr2YEuYZKodQulB1b8l7ILOuDQep3afowQQ=="
    },
    "xtend": {
      "version": "4.0.2",
      "resolved": "https://registry.npmjs.org/xtend/-/xtend-4.0.2.tgz",
      "integrity": "sha512-LKYU1iAXJXUgAXn9URjiu+MWhyUXHsvfp7mcuYm9dSUKK0/CjtrUwFAxD82/mCWbtLsGjFIad0wIsod4zrTAEQ=="
    }
  }
}
